
Microsoft Visual Studio Solution File, Format Version 12.00
# Visual Studio Version 16
VisualStudioVersion = 16.0.31025.194
MinimumVisualStudioVersion = 10.0.40219.1
Project("{FAE04EC0-301F-11D3-BF4B-00C04F79EFBC}") = "grid_evolve", "grid_evolve.csproj", "{69871A16-049F-476D-9A6D-9CD802DF1CE0}"
EndProject
Global
	GlobalSection(SolutionConfigurationPlatforms) = preSolution
		Debug|Any CPU = Debug|Any CPU
		Release|Any CPU = Release|Any CPU
	EndGlobalSection
	GlobalSection(ProjectConfigurationPlatforms) = postSolution
		{69871A16-049F-476D-9A6D-9CD802DF1CE0}.Debug|Any CPU.ActiveCfg = Debug|Any CPU
		{69871A16-049F-476D-9A6D-9CD802DF1CE0}.Debug|Any CPU.Build.0 = Debug|Any CPU
		{69871A16-049F-476D-9A6D-9CD802DF1CE0}.Release|Any CPU.ActiveCfg = Release|Any CPU
		{69871A16-049F-476D-9A6D-9CD802DF1CE0}.Release|Any CPU.Build.0 = Release|Any CPU
	EndGlobalSection
	GlobalSection(SolutionProperties) = preSolution
		HideSolutionNode = FALSE
	EndGlobalSection
	GlobalSection(ExtensibilityGlobals) = postSolution
		SolutionGuid = {8B0D1036-0B48-4DDC-9EDD-2BB5A3E3729F}
	EndGlobalSection
EndGlobal
